
Microsoft Visual Studio Solution File, Format Version 12.00
# Visual Studio Version 17
VisualStudioVersion = 17.13.35931.197 d17.13
MinimumVisualStudioVersion = 10.0.40219.1
Project("{FAE04EC0-301F-11D3-BF4B-00C04F79EFBC}") = "DatingApp_API", "DatingApp_API\DatingApp_API.csproj", "{D292738D-1343-4038-91F3-8B3A2689104C}"
EndProject
Global
	GlobalSection(SolutionConfigurationPlatforms) = preSolution
		Debug|Any CPU = Debug|Any CPU
		Release|Any CPU = Release|Any CPU
	EndGlobalSection
	GlobalSection(ProjectConfigurationPlatforms) = postSolution
		{D292738D-1343-4038-91F3-8B3A2689104C}.Debug|Any CPU.ActiveCfg = Debug|Any CPU
		{D292738D-1343-4038-91F3-8B3A2689104C}.Debug|Any CPU.Build.0 = Debug|Any CPU
		{D292738D-1343-4038-91F3-8B3A2689104C}.Release|Any CPU.ActiveCfg = Release|Any CPU
		{D292738D-1343-4038-91F3-8B3A2689104C}.Release|Any CPU.Build.0 = Release|Any CPU
	EndGlobalSection
	GlobalSection(SolutionProperties) = preSolution
		HideSolutionNode = FALSE
	EndGlobalSection
	GlobalSection(ExtensibilityGlobals) = postSolution
		SolutionGuid = {B0ECF20C-E7E5-41E2-9F8C-0796BE64A663}
	EndGlobalSection
EndGlobal
